// !$*UTF8*$!
{
	archiveVersion = 1;
	classes = {
	};
	objectVersion = 46;
	objects = {

/* Begin PBXBuildFile section */
		BC8BA8D91E623BF800C4D233 /* AppDelegate.swift in Sources */ = {isa = PBXBuildFile; fileRef = BC8BA8D81E623BF800C4D233 /* AppDelegate.swift */; };
		BC8BA8DE1E623BF800C4D233 /* Main.storyboard in Resources */ = {isa = PBXBuildFile; fileRef = BC8BA8DC1E623BF800C4D233 /* Main.storyboard */; };
		BC8BA8E01E623BF800C4D233 /* Assets.xcassets in Resources */ = {isa = PBXBuildFile; fileRef = BC8BA8DF1E623BF800C4D233 /* Assets.xcassets */; };
		BC8BA8E31E623BF800C4D233 /* LaunchScreen.storyboard in Resources */ = {isa = PBXBuildFile; fileRef = BC8BA8E11E623BF800C4D233 /* LaunchScreen.storyboard */; };
		BCB818A91E64EB9A00D2F698 /* RootViewController.swift in Sources */ = {isa = PBXBuildFile; fileRef = BCB818A81E64EB9A00D2F698 /* RootViewController.swift */; };
		BCB818AB1E64EC0200D2F698 /* DiceModel.swift in Sources */ = {isa = PBXBuildFile; fileRef = BCB818AA1E64EC0200D2F698 /* DiceModel.swift */; };
		BCB818B01E64EC4800D2F698 /* DiceHolderView.swift in Sources */ = {isa = PBXBuildFile; fileRef = BCB818AF1E64EC4800D2F698 /* DiceHolderView.swift */; };
		BCB818B31E64EC5300D2F698 /* OvalOutlineLayer.swift in Sources */ = {isa = PBXBuildFile; fileRef = BCB818B11E64EC5300D2F698 /* OvalOutlineLayer.swift */; };
		BCB818B41E64EC5300D2F698 /* RoundedRectLayer.swift in Sources */ = {isa = PBXBuildFile; fileRef = BCB818B21E64EC5300D2F698 /* RoundedRectLayer.swift */; };
		BCB818BC1E64EC5D00D2F698 /* MiddlePip.swift in Sources */ = {isa = PBXBuildFile; fileRef = BCB818B51E64EC5D00D2F698 /* MiddlePip.swift */; };
		BCB818BD1E64EC5D00D2F698 /* TopLeftPip.swift in Sources */ = {isa = PBXBuildFile; fileRef = BCB818B61E64EC5D00D2F698 /* TopLeftPip.swift */; };
		BCB818BE1E64EC5D00D2F698 /* LeftPip.swift in Sources */ = {isa = PBXBuildFile; fileRef = BCB818B71E64EC5D00D2F698 /* LeftPip.swift */; };
		BCB818BF1E64EC5D00D2F698 /* BottomLeftPip.swift in Sources */ = {isa = PBXBuildFile; fileRef = BCB818B81E64EC5D00D2F698 /* BottomLeftPip.swift */; };
		BCB818C01E64EC5D00D2F698 /* RightPip.swift in Sources */ = {isa = PBXBuildFile; fileRef = BCB818B91E64EC5D00D2F698 /* RightPip.swift */; };
		BCB818C11E64EC5D00D2F698 /* TopRightPip.swift in Sources */ = {isa = PBXBuildFile; fileRef = BCB818BA1E64EC5D00D2F698 /* TopRightPip.swift */; };
		BCB818C21E64EC5D00D2F698 /* BottomRightPip.swift in Sources */ = {isa = PBXBuildFile; fileRef = BCB818BB1E64EC5D00D2F698 /* BottomRightPip.swift */; };
		BCB818C51E64ECDF00D2F698 /* Constants.swift in Sources */ = {isa = PBXBuildFile; fileRef = BCB818C41E64ECDF00D2F698 /* Constants.swift */; };
		BCB818C71E64F3EA00D2F698 /* SettingsViewController.swift in Sources */ = {isa = PBXBuildFile; fileRef = BCB818C61E64F3EA00D2F698 /* SettingsViewController.swift */; };
		C68AB62225F1D66600417982 /* _D_DiceTests.swift in Sources */ = {isa = PBXBuildFile; fileRef = C68AB62125F1D66600417982 /* _D_DiceTests.swift */; };
		C68AB63025F1D6C300417982 /* _D_DiceUITests.swift in Sources */ = {isa = PBXBuildFile; fileRef = C68AB62F25F1D6C300417982 /* _D_DiceUITests.swift */; };
/* End PBXBuildFile section */

/* Begin PBXContainerItemProxy section */
		C68AB62425F1D66600417982 /* PBXContainerItemProxy */ = {
			isa = PBXContainerItemProxy;
			containerPortal = BC8BA8CD1E623BF800C4D233 /* Project object */;
			proxyType = 1;
			remoteGlobalIDString = BC8BA8D41E623BF800C4D233;
			remoteInfo = "2D Dice";
		};
		C68AB63225F1D6C300417982 /* PBXContainerItemProxy */ = {
			isa = PBXContainerItemProxy;
			containerPortal = BC8BA8CD1E623BF800C4D233 /* Project object */;
			proxyType = 1;
			remoteGlobalIDString = BC8BA8D41E623BF800C4D233;
			remoteInfo = "2D Dice";
		};
/* End PBXContainerItemProxy section */

/* Begin PBXFileReference section */
		BC8BA8D51E623BF800C4D233 /* 2D Dice.app */ = {isa = PBXFileReference; explicitFileType = wrapper.application; includeInIndex = 0; path = "2D Dice.app"; sourceTree = BUILT_PRODUCTS_DIR; };
		BC8BA8D81E623BF800C4D233 /* AppDelegate.swift */ = {isa = PBXFileReference; lastKnownFileType = sourcecode.swift; path = AppDelegate.swift; sourceTree = "<group>"; };
		BC8BA8DD1E623BF800C4D233 /* Base */ = {isa = PBXFileReference; lastKnownFileType = file.storyboard; name = Base; path = Base.lproj/Main.storyboard; sourceTree = "<group>"; };
		BC8BA8DF1E623BF800C4D233 /* Assets.xcassets */ = {isa = PBXFileReference; lastKnownFileType = folder.assetcatalog; path = Assets.xcassets; sourceTree = "<group>"; };
		BC8BA8E21E623BF800C4D233 /* Base */ = {isa = PBXFileReference; lastKnownFileType = file.storyboard; name = Base; path = Base.lproj/LaunchScreen.storyboard; sourceTree = "<group>"; };
		BC8BA8E41E623BF800C4D233 /* Info.plist */ = {isa = PBXFileReference; lastKnownFileType = text.plist.xml; path = Info.plist; sourceTree = "<group>"; };
		BCB818A81E64EB9A00D2F698 /* RootViewController.swift */ = {isa = PBXFileReference; fileEncoding = 4; lastKnownFileType = sourcecode.swift; path = RootViewController.swift; sourceTree = "<group>"; };
		BCB818AA1E64EC0200D2F698 /* DiceModel.swift */ = {isa = PBXFileReference; fileEncoding = 4; lastKnownFileType = sourcecode.swift; path = DiceModel.swift; sourceTree = "<group>"; };
		BCB818AF1E64EC4800D2F698 /* DiceHolderView.swift */ = {isa = PBXFileReference; fileEncoding = 4; lastKnownFileType = sourcecode.swift; path = DiceHolderView.swift; sourceTree = "<group>"; };
		BCB818B11E64EC5300D2F698 /* OvalOutlineLayer.swift */ = {isa = PBXFileReference; fileEncoding = 4; lastKnownFileType = sourcecode.swift; path = OvalOutlineLayer.swift; sourceTree = "<group>"; };
		BCB818B21E64EC5300D2F698 /* RoundedRectLayer.swift */ = {isa = PBXFileReference; fileEncoding = 4; lastKnownFileType = sourcecode.swift; path = RoundedRectLayer.swift; sourceTree = "<group>"; };
		BCB818B51E64EC5D00D2F698 /* MiddlePip.swift */ = {isa = PBXFileReference; fileEncoding = 4; lastKnownFileType = sourcecode.swift; path = MiddlePip.swift; sourceTree = "<group>"; };
		BCB818B61E64EC5D00D2F698 /* TopLeftPip.swift */ = {isa = PBXFileReference; fileEncoding = 4; lastKnownFileType = sourcecode.swift; path = TopLeftPip.swift; sourceTree = "<group>"; };
		BCB818B71E64EC5D00D2F698 /* LeftPip.swift */ = {isa = PBXFileReference; fileEncoding = 4; lastKnownFileType = sourcecode.swift; path = LeftPip.swift; sourceTree = "<group>"; };
		BCB818B81E64EC5D00D2F698 /* BottomLeftPip.swift */ = {isa = PBXFileReference; fileEncoding = 4; lastKnownFileType = sourcecode.swift; path = BottomLeftPip.swift; sourceTree = "<group>"; };
		BCB818B91E64EC5D00D2F698 /* RightPip.swift */ = {isa = PBXFileReference; fileEncoding = 4; lastKnownFileType = sourcecode.swift; path = RightPip.swift; sourceTree = "<group>"; };
		BCB818BA1E64EC5D00D2F698 /* TopRightPip.swift */ = {isa = PBXFileReference; fileEncoding = 4; lastKnownFileType = sourcecode.swift; path = TopRightPip.swift; sourceTree = "<group>"; };
		BCB818BB1E64EC5D00D2F698 /* BottomRightPip.swift */ = {isa = PBXFileReference; fileEncoding = 4; lastKnownFileType = sourcecode.swift; path = BottomRightPip.swift; sourceTree = "<group>"; };
		BCB818C41E64ECDF00D2F698 /* Constants.swift */ = {isa = PBXFileReference; fileEncoding = 4; lastKnownFileType = sourcecode.swift; path = Constants.swift; sourceTree = "<group>"; };
		BCB818C61E64F3EA00D2F698 /* SettingsViewController.swift */ = {isa = PBXFileReference; fileEncoding = 4; lastKnownFileType = sourcecode.swift; path = SettingsViewController.swift; sourceTree = "<group>"; };
		C68AB61F25F1D66600417982 /* 2D DiceTests.xctest */ = {isa = PBXFileReference; explicitFileType = wrapper.cfbundle; includeInIndex = 0; path = "2D DiceTests.xctest"; sourceTree = BUILT_PRODUCTS_DIR; };
		C68AB62125F1D66600417982 /* _D_DiceTests.swift */ = {isa = PBXFileReference; lastKnownFileType = sourcecode.swift; path = _D_DiceTests.swift; sourceTree = "<group>"; };
		C68AB62325F1D66600417982 /* Info.plist */ = {isa = PBXFileReference; lastKnownFileType = text.plist.xml; path = Info.plist; sourceTree = "<group>"; };
		C68AB62D25F1D6C300417982 /* 2D DiceUITests.xctest */ = {isa = PBXFileReference; explicitFileType = wrapper.cfbundle; includeInIndex = 0; path = "2D DiceUITests.xctest"; sourceTree = BUILT_PRODUCTS_DIR; };
		C68AB62F25F1D6C300417982 /* _D_DiceUITests.swift */ = {isa = PBXFileReference; lastKnownFileType = sourcecode.swift; path = _D_DiceUITests.swift; sourceTree = "<group>"; };
		C68AB63125F1D6C300417982 /* Info.plist */ = {isa = PBXFileReference; lastKnownFileType = text.plist.xml; path = Info.plist; sourceTree = "<group>"; };
/* End PBXFileReference section */

/* Begin PBXFrameworksBuildPhase section */
		BC8BA8D21E623BF800C4D233 /* Frameworks */ = {
			isa = PBXFrameworksBuildPhase;
			buildActionMask = 2147483647;
			files = (
			);
			runOnlyForDeploymentPostprocessing = 0;
		};
		C68AB61C25F1D66600417982 /* Frameworks */ = {
			isa = PBXFrameworksBuildPhase;
			buildActionMask = 2147483647;
			files = (
			);
			runOnlyForDeploymentPostprocessing = 0;
		};
		C68AB62A25F1D6C300417982 /* Frameworks */ = {
			isa = PBXFrameworksBuildPhase;
			buildActionMask = 2147483647;
			files = (
			);
			runOnlyForDeploymentPostprocessing = 0;
		};
/* End PBXFrameworksBuildPhase section */

/* Begin PBXGroup section */
		BC8BA8CC1E623BF800C4D233 = {
			isa = PBXGroup;
			children = (
				BC8BA8D71E623BF800C4D233 /* 2D Dice */,
				BCB818C31E64ECA800D2F698 /* Utiltities */,
				C68AB62025F1D66600417982 /* 2D DiceTests */,
				C68AB62E25F1D6C300417982 /* 2D DiceUITests */,
				BC8BA8D61E623BF800C4D233 /* Products */,
			);
			sourceTree = "<group>";
		};
		BC8BA8D61E623BF800C4D233 /* Products */ = {
			isa = PBXGroup;
			children = (
				BC8BA8D51E623BF800C4D233 /* 2D Dice.app */,
				C68AB61F25F1D66600417982 /* 2D DiceTests.xctest */,
				C68AB62D25F1D6C300417982 /* 2D DiceUITests.xctest */,
			);
			name = Products;
			sourceTree = "<group>";
		};
		BC8BA8D71E623BF800C4D233 /* 2D Dice */ = {
			isa = PBXGroup;
			children = (
				BC8BA8D81E623BF800C4D233 /* AppDelegate.swift */,
				BCB818A81E64EB9A00D2F698 /* RootViewController.swift */,
				BCB818C61E64F3EA00D2F698 /* SettingsViewController.swift */,
				BCB818AA1E64EC0200D2F698 /* DiceModel.swift */,
				BCB818AC1E64EC1B00D2F698 /* Dice View */,
				BC8BA8DF1E623BF800C4D233 /* Assets.xcassets */,
				BC8BA8DC1E623BF800C4D233 /* Main.storyboard */,
				BC8BA8E11E623BF800C4D233 /* LaunchScreen.storyboard */,
				BC8BA8E41E623BF800C4D233 /* Info.plist */,
			);
			path = "2D Dice";
			sourceTree = "<group>";
		};
		BCB818AC1E64EC1B00D2F698 /* Dice View */ = {
			isa = PBXGroup;
			children = (
				BCB818AF1E64EC4800D2F698 /* DiceHolderView.swift */,
				BCB818AD1E64EC2800D2F698 /* Layers */,
			);
			name = "Dice View";
			sourceTree = "<group>";
		};
		BCB818AD1E64EC2800D2F698 /* Layers */ = {
			isa = PBXGroup;
			children = (
				BCB818B11E64EC5300D2F698 /* OvalOutlineLayer.swift */,
				BCB818B21E64EC5300D2F698 /* RoundedRectLayer.swift */,
				BCB818AE1E64EC3100D2F698 /* Pips */,
			);
			name = Layers;
			sourceTree = "<group>";
		};
		BCB818AE1E64EC3100D2F698 /* Pips */ = {
			isa = PBXGroup;
			children = (
				BCB818B51E64EC5D00D2F698 /* MiddlePip.swift */,
				BCB818B61E64EC5D00D2F698 /* TopLeftPip.swift */,
				BCB818B71E64EC5D00D2F698 /* LeftPip.swift */,
				BCB818B81E64EC5D00D2F698 /* BottomLeftPip.swift */,
				BCB818B91E64EC5D00D2F698 /* RightPip.swift */,
				BCB818BA1E64EC5D00D2F698 /* TopRightPip.swift */,
				BCB818BB1E64EC5D00D2F698 /* BottomRightPip.swift */,
			);
			name = Pips;
			sourceTree = "<group>";
		};
		BCB818C31E64ECA800D2F698 /* Utiltities */ = {
			isa = PBXGroup;
			children = (
				BCB818C41E64ECDF00D2F698 /* Constants.swift */,
			);
			name = Utiltities;
			path = "2D Dice";
			sourceTree = "<group>";
		};
		C68AB62025F1D66600417982 /* 2D DiceTests */ = {
			isa = PBXGroup;
			children = (
				C68AB62125F1D66600417982 /* _D_DiceTests.swift */,
				C68AB62325F1D66600417982 /* Info.plist */,
			);
			path = "2D DiceTests";
			sourceTree = "<group>";
		};
		C68AB62E25F1D6C300417982 /* 2D DiceUITests */ = {
			isa = PBXGroup;
			children = (
				C68AB62F25F1D6C300417982 /* _D_DiceUITests.swift */,
				C68AB63125F1D6C300417982 /* Info.plist */,
			);
			path = "2D DiceUITests";
			sourceTree = "<group>";
		};
/* End PBXGroup section */

/* Begin PBXNativeTarget section */
		BC8BA8D41E623BF800C4D233 /* 2D Dice */ = {
			isa = PBXNativeTarget;
			buildConfigurationList = BC8BA8FD1E623BF800C4D233 /* Build configuration list for PBXNativeTarget "2D Dice" */;
			buildPhases = (
				BC8BA8D11E623BF800C4D233 /* Sources */,
				BC8BA8D21E623BF800C4D233 /* Frameworks */,
				BC8BA8D31E623BF800C4D233 /* Resources */,
			);
			buildRules = (
			);
			dependencies = (
			);
			name = "2D Dice";
			productName = "2D Dice";
			productReference = BC8BA8D51E623BF800C4D233 /* 2D Dice.app */;
			productType = "com.apple.product-type.application";
		};
		C68AB61E25F1D66600417982 /* 2D DiceTests */ = {
			isa = PBXNativeTarget;
			buildConfigurationList = C68AB62625F1D66600417982 /* Build configuration list for PBXNativeTarget "2D DiceTests" */;
			buildPhases = (
				C68AB61B25F1D66600417982 /* Sources */,
				C68AB61C25F1D66600417982 /* Frameworks */,
				C68AB61D25F1D66600417982 /* Resources */,
			);
			buildRules = (
			);
			dependencies = (
				C68AB62525F1D66600417982 /* PBXTargetDependency */,
			);
			name = "2D DiceTests";
			productName = "2D DiceTests";
			productReference = C68AB61F25F1D66600417982 /* 2D DiceTests.xctest */;
			productType = "com.apple.product-type.bundle.unit-test";
		};
		C68AB62C25F1D6C300417982 /* 2D DiceUITests */ = {
			isa = PBXNativeTarget;
			buildConfigurationList = C68AB63425F1D6C300417982 /* Build configuration list for PBXNativeTarget "2D DiceUITests" */;
			buildPhases = (
				C68AB62925F1D6C300417982 /* Sources */,
				C68AB62A25F1D6C300417982 /* Frameworks */,
				C68AB62B25F1D6C300417982 /* Resources */,
			);
			buildRules = (
			);
			dependencies = (
				C68AB63325F1D6C300417982 /* PBXTargetDependency */,
			);
			name = "2D DiceUITests";
			productName = "2D DiceUITests";
			productReference = C68AB62D25F1D6C300417982 /* 2D DiceUITests.xctest */;
			productType = "com.apple.product-type.bundle.ui-testing";
		};
/* End PBXNativeTarget section */

/* Begin PBXProject section */
		BC8BA8CD1E623BF800C4D233 /* Project object */ = {
			isa = PBXProject;
			attributes = {
				LastSwiftUpdateCheck = 1010;
				LastUpgradeCheck = 1010;
				ORGANIZATIONNAME = "Michael Pujol";
				TargetAttributes = {
					BC8BA8D41E623BF800C4D233 = {
						CreatedOnToolsVersion = 8.2.1;
						DevelopmentTeam = 2BPJV79PL6;
						ProvisioningStyle = Automatic;
					};
					C68AB61E25F1D66600417982 = {
						CreatedOnToolsVersion = 10.1;
						DevelopmentTeam = 2BPJV79PL6;
						ProvisioningStyle = Automatic;
						TestTargetID = BC8BA8D41E623BF800C4D233;
					};
					C68AB62C25F1D6C300417982 = {
						CreatedOnToolsVersion = 10.1;
						DevelopmentTeam = 2BPJV79PL6;
						ProvisioningStyle = Automatic;
						TestTargetID = BC8BA8D41E623BF800C4D233;
					};
				};
			};
			buildConfigurationList = BC8BA8D01E623BF800C4D233 /* Build configuration list for PBXProject "2D Dice" */;
			compatibilityVersion = "Xcode 3.2";
			developmentRegion = English;
			hasScannedForEncodings = 0;
			knownRegions = (
				en,
				Base,
			);
			mainGroup = BC8BA8CC1E623BF800C4D233;
			productRefGroup = BC8BA8D61E623BF800C4D233 /* Products */;
			projectDirPath = "";
			projectRoot = "";
			targets = (
				BC8BA8D41E623BF800C4D233 /* 2D Dice */,
				C68AB61E25F1D66600417982 /* 2D DiceTests */,
				C68AB62C25F1D6C300417982 /* 2D DiceUITests */,
			);
		};
/* End PBXProject section */

/* Begin PBXResourcesBuildPhase section */
		BC8BA8D31E623BF800C4D233 /* Resources */ = {
			isa = PBXResourcesBuildPhase;
			buildActionMask = 2147483647;
			files = (
				BC8BA8E31E623BF800C4D233 /* LaunchScreen.storyboard in Resources */,
				BC8BA8E01E623BF800C4D233 /* Assets.xcassets in Resources */,
				BC8BA8DE1E623BF800C4D233 /* Main.storyboard in Resources */,
			);
			runOnlyForDeploymentPostprocessing = 0;
		};
		C68AB61D25F1D66600417982 /* Resources */ = {
			isa = PBXResourcesBuildPhase;
			buildActionMask = 2147483647;
			files = (
			);
			runOnlyForDeploymentPostprocessing = 0;
		};
		C68AB62B25F1D6C300417982 /* Resources */ = {
			isa = PBXResourcesBuildPhase;
			buildActionMask = 2147483647;
			files = (
			);
			runOnlyForDeploymentPostprocessing = 0;
		};
/* End PBXResourcesBuildPhase section */

/* Begin PBXSourcesBuildPhase section */
		BC8BA8D11E623BF800C4D233 /* Sources */ = {
			isa = PBXSourcesBuildPhase;
			buildActionMask = 2147483647;
			files = (
				BC8BA8D91E623BF800C4D233 /* AppDelegate.swift in Sources */,
				BCB818B31E64EC5300D2F698 /* OvalOutlineLayer.swift in Sources */,
				BCB818C21E64EC5D00D2F698 /* BottomRightPip.swift in Sources */,
				BCB818BD1E64EC5D00D2F698 /* TopLeftPip.swift in Sources */,
				BCB818BC1E64EC5D00D2F698 /* MiddlePip.swift in Sources */,
				BCB818B01E64EC4800D2F698 /* DiceHolderView.swift in Sources */,
				BCB818C01E64EC5D00D2F698 /* RightPip.swift in Sources */,
				BCB818BF1E64EC5D00D2F698 /* BottomLeftPip.swift in Sources */,
				BCB818C71E64F3EA00D2F698 /* SettingsViewController.swift in Sources */,
				BCB818BE1E64EC5D00D2F698 /* LeftPip.swift in Sources */,
				BCB818B41E64EC5300D2F698 /* RoundedRectLayer.swift in Sources */,
				BCB818A91E64EB9A00D2F698 /* RootViewController.swift in Sources */,
				BCB818C51E64ECDF00D2F698 /* Constants.swift in Sources */,
				BCB818C11E64EC5D00D2F698 /* TopRightPip.swift in Sources */,
				BCB818AB1E64EC0200D2F698 /* DiceModel.swift in Sources */,
			);
			runOnlyForDeploymentPostprocessing = 0;
		};
		C68AB61B25F1D66600417982 /* Sources */ = {
			isa = PBXSourcesBuildPhase;
			buildActionMask = 2147483647;
			files = (
				C68AB62225F1D66600417982 /* _D_DiceTests.swift in Sources */,
			);
			runOnlyForDeploymentPostprocessing = 0;
		};
		C68AB62925F1D6C300417982 /* Sources */ = {
			isa = PBXSourcesBuildPhase;
			buildActionMask = 2147483647;
			files = (
				C68AB63025F1D6C300417982 /* _D_DiceUITests.swift in Sources */,
			);
			runOnlyForDeploymentPostprocessing = 0;
		};
/* End PBXSourcesBuildPhase section */

/* Begin PBXTargetDependency section */
		C68AB62525F1D66600417982 /* PBXTargetDependency */ = {
			isa = PBXTargetDependency;
			target = BC8BA8D41E623BF800C4D233 /* 2D Dice */;
			targetProxy = C68AB62425F1D66600417982 /* PBXContainerItemProxy */;
		};
		C68AB63325F1D6C300417982 /* PBXTargetDependency */ = {
			isa = PBXTargetDependency;
			target = BC8BA8D41E623BF800C4D233 /* 2D Dice */;
			targetProxy = C68AB63225F1D6C300417982 /* PBXContainerItemProxy */;
		};
/* End PBXTargetDependency section */

/* Begin PBXVariantGroup section */
		BC8BA8DC1E623BF800C4D233 /* Main.storyboard */ = {
			isa = PBXVariantGroup;
			children = (
				BC8BA8DD1E623BF800C4D233 /* Base */,
			);
			name = Main.storyboard;
			sourceTree = "<group>";
		};
		BC8BA8E11E623BF800C4D233 /* LaunchScreen.storyboard */ = {
			isa = PBXVariantGroup;
			children = (
				BC8BA8E21E623BF800C4D233 /* Base */,
			);
			name = LaunchScreen.storyboard;
			sourceTree = "<group>";
		};
/* End PBXVariantGroup section */

/* Begin XCBuildConfiguration section */
		BC8BA8FB1E623BF800C4D233 /* Debug */ = {
			isa = XCBuildConfiguration;
			buildSettings = {
				ALWAYS_SEARCH_USER_PATHS = NO;
				CLANG_ANALYZER_NONNULL = YES;
				CLANG_CXX_LANGUAGE_STANDARD = "gnu++0x";
				CLANG_CXX_LIBRARY = "libc++";
				CLANG_ENABLE_MODULES = YES;
				CLANG_ENABLE_OBJC_ARC = YES;
				CLANG_WARN_BLOCK_CAPTURE_AUTORELEASING = YES;
				CLANG_WARN_BOOL_CONVERSION = YES;
				CLANG_WARN_COMMA = YES;
				CLANG_WARN_CONSTANT_CONVERSION = YES;
				CLANG_WARN_DEPRECATED_OBJC_IMPLEMENTATIONS = YES;
				CLANG_WARN_DIRECT_OBJC_ISA_USAGE = YES_ERROR;
				CLANG_WARN_DOCUMENTATION_COMMENTS = YES;
				CLANG_WARN_EMPTY_BODY = YES;
				CLANG_WARN_ENUM_CONVERSION = YES;
				CLANG_WARN_INFINITE_RECURSION = YES;
				CLANG_WARN_INT_CONVERSION = YES;
				CLANG_WARN_NON_LITERAL_NULL_CONVERSION = YES;
				CLANG_WARN_OBJC_IMPLICIT_RETAIN_SELF = YES;
				CLANG_WARN_OBJC_LITERAL_CONVERSION = YES;
				CLANG_WARN_OBJC_ROOT_CLASS = YES_ERROR;
				CLANG_WARN_RANGE_LOOP_ANALYSIS = YES;
				CLANG_WARN_STRICT_PROTOTYPES = YES;
				CLANG_WARN_SUSPICIOUS_MOVE = YES;
				CLANG_WARN_UNREACHABLE_CODE = YES;
				CLANG_WARN__DUPLICATE_METHOD_MATCH = YES;
				"CODE_SIGN_IDENTITY[sdk=iphoneos*]" = "iPhone Developer";
				COPY_PHASE_STRIP = NO;
				DEBUG_INFORMATION_FORMAT = dwarf;
				ENABLE_STRICT_OBJC_MSGSEND = YES;
				ENABLE_TESTABILITY = YES;
				GCC_C_LANGUAGE_STANDARD = gnu99;
				GCC_DYNAMIC_NO_PIC = NO;
				GCC_NO_COMMON_BLOCKS = YES;
				GCC_OPTIMIZATION_LEVEL = 0;
				GCC_PREPROCESSOR_DEFINITIONS = (
					"DEBUG=1",
					"$(inherited)",
				);
				GCC_WARN_64_TO_32_BIT_CONVERSION = YES;
				GCC_WARN_ABOUT_RETURN_TYPE = YES_ERROR;
				GCC_WARN_UNDECLARED_SELECTOR = YES;
				GCC_WARN_UNINITIALIZED_AUTOS = YES_AGGRESSIVE;
				GCC_WARN_UNUSED_FUNCTION = YES;
				GCC_WARN_UNUSED_VARIABLE = YES;
				IPHONEOS_DEPLOYMENT_TARGET = 10.2;
				MTL_ENABLE_DEBUG_INFO = YES;
				ONLY_ACTIVE_ARCH = YES;
				SDKROOT = iphoneos;
				SWIFT_ACTIVE_COMPILATION_CONDITIONS = DEBUG;
				SWIFT_OPTIMIZATION_LEVEL = "-Onone";
				TARGETED_DEVICE_FAMILY = "1,2";
			};
			name = Debug;
		};
		BC8BA8FC1E623BF800C4D233 /* Release */ = {
			isa = XCBuildConfiguration;
			buildSettings = {
				ALWAYS_SEARCH_USER_PATHS = NO;
				CLANG_ANALYZER_NONNULL = YES;
				CLANG_CXX_LANGUAGE_STANDARD = "gnu++0x";
				CLANG_CXX_LIBRARY = "libc++";
				CLANG_ENABLE_MODULES = YES;
				CLANG_ENABLE_OBJC_ARC = YES;
				CLANG_WARN_BLOCK_CAPTURE_AUTORELEASING = YES;
				CLANG_WARN_BOOL_CONVERSION = YES;
				CLANG_WARN_COMMA = YES;
				CLANG_WARN_CONSTANT_CONVERSION = YES;
				CLANG_WARN_DEPRECATED_OBJC_IMPLEMENTATIONS = YES;
				CLANG_WARN_DIRECT_OBJC_ISA_USAGE = YES_ERROR;
				CLANG_WARN_DOCUMENTATION_COMMENTS = YES;
				CLANG_WARN_EMPTY_BODY = YES;
				CLANG_WARN_ENUM_CONVERSION = YES;
				CLANG_WARN_INFINITE_RECURSION = YES;
				CLANG_WARN_INT_CONVERSION = YES;
				CLANG_WARN_NON_LITERAL_NULL_CONVERSION = YES;
				CLANG_WARN_OBJC_IMPLICIT_RETAIN_SELF = YES;
				CLANG_WARN_OBJC_LITERAL_CONVERSION = YES;
				CLANG_WARN_OBJC_ROOT_CLASS = YES_ERROR;
				CLANG_WARN_RANGE_LOOP_ANALYSIS = YES;
				CLANG_WARN_STRICT_PROTOTYPES = YES;
				CLANG_WARN_SUSPICIOUS_MOVE = YES;
				CLANG_WARN_UNREACHABLE_CODE = YES;
				CLANG_WARN__DUPLICATE_METHOD_MATCH = YES;
				"CODE_SIGN_IDENTITY[sdk=iphoneos*]" = "iPhone Developer";
				COPY_PHASE_STRIP = NO;
				DEBUG_INFORMATION_FORMAT = "dwarf-with-dsym";
				ENABLE_NS_ASSERTIONS = NO;
				ENABLE_STRICT_OBJC_MSGSEND = YES;
				GCC_C_LANGUAGE_STANDARD = gnu99;
				GCC_NO_COMMON_BLOCKS = YES;
				GCC_WARN_64_TO_32_BIT_CONVERSION = YES;
				GCC_WARN_ABOUT_RETURN_TYPE = YES_ERROR;
				GCC_WARN_UNDECLARED_SELECTOR = YES;
				GCC_WARN_UNINITIALIZED_AUTOS = YES_AGGRESSIVE;
				GCC_WARN_UNUSED_FUNCTION = YES;
				GCC_WARN_UNUSED_VARIABLE = YES;
				IPHONEOS_DEPLOYMENT_TARGET = 10.2;
				MTL_ENABLE_DEBUG_INFO = NO;
				SDKROOT = iphoneos;
				SWIFT_OPTIMIZATION_LEVEL = "-Owholemodule";
				TARGETED_DEVICE_FAMILY = "1,2";
				VALIDATE_PRODUCT = YES;
			};
			name = Release;
		};
		BC8BA8FE1E623BF800C4D233 /* Debug */ = {
			isa = XCBuildConfiguration;
			buildSettings = {
				ASSETCATALOG_COMPILER_APPICON_NAME = AppIcon;
				DEVELOPMENT_TEAM = 2BPJV79PL6;
				INFOPLIST_FILE = "2D Dice/Info.plist";
				IPHONEOS_DEPLOYMENT_TARGET = 12.1;
				LD_RUNPATH_SEARCH_PATHS = "$(inherited) @executable_path/Frameworks";
				PRODUCT_BUNDLE_IDENTIFIER = "mike.pujol.2-D-Dice";
				PRODUCT_NAME = "$(TARGET_NAME)";
				SWIFT_VERSION = 4.2;
				TARGETED_DEVICE_FAMILY = "1,2";
			};
			name = Debug;
		};
		BC8BA8FF1E623BF800C4D233 /* Release */ = {
			isa = XCBuildConfiguration;
			buildSettings = {
				ASSETCATALOG_COMPILER_APPICON_NAME = AppIcon;
				DEVELOPMENT_TEAM = 2BPJV79PL6;
				INFOPLIST_FILE = "2D Dice/Info.plist";
				IPHONEOS_DEPLOYMENT_TARGET = 12.1;
				LD_RUNPATH_SEARCH_PATHS = "$(inherited) @executable_path/Frameworks";
				PRODUCT_BUNDLE_IDENTIFIER = "mike.pujol.2-D-Dice";
				PRODUCT_NAME = "$(TARGET_NAME)";
				SWIFT_VERSION = 4.2;
				TARGETED_DEVICE_FAMILY = "1,2";
			};
			name = Release;
		};
		C68AB62725F1D66600417982 /* Debug */ = {
			isa = XCBuildConfiguration;
			buildSettings = {
				BUNDLE_LOADER = "$(TEST_HOST)";
				CLANG_ANALYZER_NUMBER_OBJECT_CONVERSION = YES_AGGRESSIVE;
				CLANG_CXX_LANGUAGE_STANDARD = "gnu++14";
				CLANG_ENABLE_OBJC_WEAK = YES;
				CLANG_WARN_UNGUARDED_AVAILABILITY = YES_AGGRESSIVE;
				CODE_SIGN_IDENTITY = "iPhone Developer";
				CODE_SIGN_STYLE = Automatic;
				DEVELOPMENT_TEAM = 2BPJV79PL6;
				GCC_C_LANGUAGE_STANDARD = gnu11;
				INFOPLIST_FILE = "2D DiceTests/Info.plist";
				IPHONEOS_DEPLOYMENT_TARGET = 12.1;
				LD_RUNPATH_SEARCH_PATHS = "$(inherited) @executable_path/Frameworks @loader_path/Frameworks";
				MTL_ENABLE_DEBUG_INFO = INCLUDE_SOURCE;
				MTL_FAST_MATH = YES;
				PRODUCT_BUNDLE_IDENTIFIER = "mike.pujol.2-D-Dice.-D-DiceTests";
				PRODUCT_NAME = "$(TARGET_NAME)";
				SWIFT_VERSION = 4.2;
				TARGETED_DEVICE_FAMILY = "1,2";
				TEST_HOST = "$(BUILT_PRODUCTS_DIR)/2D Dice.app/2D Dice";
			};
			name = Debug;
		};
		C68AB62825F1D66600417982 /* Release */ = {
			isa = XCBuildConfiguration;
			buildSettings = {
				BUNDLE_LOADER = "$(TEST_HOST)";
				CLANG_ANALYZER_NUMBER_OBJECT_CONVERSION = YES_AGGRESSIVE;
				CLANG_CXX_LANGUAGE_STANDARD = "gnu++14";
				CLANG_ENABLE_OBJC_WEAK = YES;
				CLANG_WARN_UNGUARDED_AVAILABILITY = YES_AGGRESSIVE;
				CODE_SIGN_IDENTITY = "iPhone Developer";
				CODE_SIGN_STYLE = Automatic;
				DEVELOPMENT_TEAM = 2BPJV79PL6;
				GCC_C_LANGUAGE_STANDARD = gnu11;
				INFOPLIST_FILE = "2D DiceTests/Info.plist";
				IPHONEOS_DEPLOYMENT_TARGET = 12.1;
				LD_RUNPATH_SEARCH_PATHS = "$(inherited) @executable_path/Frameworks @loader_path/Frameworks";
				MTL_FAST_MATH = YES;
				PRODUCT_BUNDLE_IDENTIFIER = "mike.pujol.2-D-Dice.-D-DiceTests";
				PRODUCT_NAME = "$(TARGET_NAME)";
				SWIFT_VERSION = 4.2;
				TARGETED_DEVICE_FAMILY = "1,2";
				TEST_HOST = "$(BUILT_PRODUCTS_DIR)/2D Dice.app/2D Dice";
			};
			name = Release;
		};
		C68AB63525F1D6C300417982 /* Debug */ = {
			isa = XCBuildConfiguration;
			buildSettings = {
				CLANG_ANALYZER_NUMBER_OBJECT_CONVERSION = YES_AGGRESSIVE;
				CLANG_CXX_LANGUAGE_STANDARD = "gnu++14";
				CLANG_ENABLE_OBJC_WEAK = YES;
				CLANG_WARN_UNGUARDED_AVAILABILITY = YES_AGGRESSIVE;
				CODE_SIGN_IDENTITY = "iPhone Developer";
				CODE_SIGN_STYLE = Automatic;
				DEVELOPMENT_TEAM = 2BPJV79PL6;
				GCC_C_LANGUAGE_STANDARD = gnu11;
				INFOPLIST_FILE = "2D DiceUITests/Info.plist";
				IPHONEOS_DEPLOYMENT_TARGET = 12.1;
				LD_RUNPATH_SEARCH_PATHS = "$(inherited) @executable_path/Frameworks @loader_path/Frameworks";
				MTL_ENABLE_DEBUG_INFO = INCLUDE_SOURCE;
				MTL_FAST_MATH = YES;
				PRODUCT_BUNDLE_IDENTIFIER = "mike.pujol.2-D-Dice.-D-DiceUITests";
				PRODUCT_NAME = "$(TARGET_NAME)";
				SWIFT_VERSION = 4.2;
				TARGETED_DEVICE_FAMILY = "1,2";
				TEST_TARGET_NAME = "2D Dice";
			};
			name = Debug;
		};
		C68AB63625F1D6C300417982 /* Release */ = {
			isa = XCBuildConfiguration;
			buildSettings = {
				CLANG_ANALYZER_NUMBER_OBJECT_CONVERSION = YES_AGGRESSIVE;
				CLANG_CXX_LANGUAGE_STANDARD = "gnu++14";
				CLANG_ENABLE_OBJC_WEAK = YES;
				CLANG_WARN_UNGUARDED_AVAILABILITY = YES_AGGRESSIVE;
				CODE_SIGN_IDENTITY = "iPhone Developer";
				CODE_SIGN_STYLE = Automatic;
				DEVELOPMENT_TEAM = 2BPJV79PL6;
				GCC_C_LANGUAGE_STANDARD = gnu11;
				INFOPLIST_FILE = "2D DiceUITests/Info.plist";
				IPHONEOS_DEPLOYMENT_TARGET = 12.1;
				LD_RUNPATH_SEARCH_PATHS = "$(inherited) @executable_path/Frameworks @loader_path/Frameworks";
				MTL_FAST_MATH = YES;
				PRODUCT_BUNDLE_IDENTIFIER = "mike.pujol.2-D-Dice.-D-DiceUITests";
				PRODUCT_NAME = "$(TARGET_NAME)";
				SWIFT_VERSION = 4.2;
				TARGETED_DEVICE_FAMILY = "1,2";
				TEST_TARGET_NAME = "2D Dice";
			};
			name = Release;
		};
/* End XCBuildConfiguration section */

/* Begin XCConfigurationList section */
		BC8BA8D01E623BF800C4D233 /* Build configuration list for PBXProject "2D Dice" */ = {
			isa = XCConfigurationList;
			buildConfigurations = (
				BC8BA8FB1E623BF800C4D233 /* Debug */,
				BC8BA8FC1E623BF800C4D233 /* Release */,
			);
			defaultConfigurationIsVisible = 0;
			defaultConfigurationName = Release;
		};
		BC8BA8FD1E623BF800C4D233 /* Build configuration list for PBXNativeTarget "2D Dice" */ = {
			isa = XCConfigurationList;
			buildConfigurations = (
				BC8BA8FE1E623BF800C4D233 /* Debug */,
				BC8BA8FF1E623BF800C4D233 /* Release */,
			);
			defaultConfigurationIsVisible = 0;
			defaultConfigurationName = Release;
		};
		C68AB62625F1D66600417982 /* Build configuration list for PBXNativeTarget "2D DiceTests" */ = {
			isa = XCConfigurationList;
			buildConfigurations = (
				C68AB62725F1D66600417982 /* Debug */,
				C68AB62825F1D66600417982 /* Release */,
			);
			defaultConfigurationIsVisible = 0;
			defaultConfigurationName = Release;
		};
		C68AB63425F1D6C300417982 /* Build configuration list for PBXNativeTarget "2D DiceUITests" */ = {
			isa = XCConfigurationList;
			buildConfigurations = (
				C68AB63525F1D6C300417982 /* Debug */,
				C68AB63625F1D6C300417982 /* Release */,
			);
			defaultConfigurationIsVisible = 0;
			defaultConfigurationName = Release;
		};
/* End XCConfigurationList section */
	};
	rootObject = BC8BA8CD1E623BF800C4D233 /* Project object */;
}
